
Microsoft Visual Studio Solution File, Format Version 12.00
# Visual Studio Version 17
VisualStudioVersion = 17.9.34728.123
MinimumVisualStudioVersion = 10.0.40219.1
Project("{FAE04EC0-301F-11D3-BF4B-00C04F79EFBC}") = "PrimeraMaiuApp", "PrimeraMaiuApp\PrimeraMaiuApp.csproj", "{EA8E9D12-66D7-4F61-9B0D-6329C474D563}"
EndProject
Global
	GlobalSection(SolutionConfigurationPlatforms) = preSolution
		Debug|Any CPU = Debug|Any CPU
		Release|Any CPU = Release|Any CPU
	EndGlobalSection
	GlobalSection(ProjectConfigurationPlatforms) = postSolution
		{EA8E9D12-66D7-4F61-9B0D-6329C474D563}.Debug|Any CPU.ActiveCfg = Debug|Any CPU
		{EA8E9D12-66D7-4F61-9B0D-6329C474D563}.Debug|Any CPU.Build.0 = Debug|Any CPU
		{EA8E9D12-66D7-4F61-9B0D-6329C474D563}.Debug|Any CPU.Deploy.0 = Debug|Any CPU
		{EA8E9D12-66D7-4F61-9B0D-6329C474D563}.Release|Any CPU.ActiveCfg = Release|Any CPU
		{EA8E9D12-66D7-4F61-9B0D-6329C474D563}.Release|Any CPU.Build.0 = Release|Any CPU
		{EA8E9D12-66D7-4F61-9B0D-6329C474D563}.Release|Any CPU.Deploy.0 = Release|Any CPU
	EndGlobalSection
	GlobalSection(SolutionProperties) = preSolution
		HideSolutionNode = FALSE
	EndGlobalSection
	GlobalSection(ExtensibilityGlobals) = postSolution
		SolutionGuid = {67ECDC2B-9A61-491C-AF66-8175B64EB63C}
	EndGlobalSection
EndGlobal
